
Microsoft Visual Studio Solution File, Format Version 12.00
# Visual Studio Version 17
VisualStudioVersion = 17.8.34330.188
MinimumVisualStudioVersion = 10.0.40219.1
Project("{FAE04EC0-301F-11D3-BF4B-00C04F79EFBC}") = "UsrpRouter", "UsrpRouter\UsrpRouter.csproj", "{EA695A6D-3218-4AE7-AA8A-22715C2EC1B4}"
EndProject
Global
	GlobalSection(SolutionConfigurationPlatforms) = preSolution
		Debug|Any CPU = Debug|Any CPU
		Release|Any CPU = Release|Any CPU
	EndGlobalSection
	GlobalSection(ProjectConfigurationPlatforms) = postSolution
		{EA695A6D-3218-4AE7-AA8A-22715C2EC1B4}.Debug|Any CPU.ActiveCfg = Debug|Any CPU
		{EA695A6D-3218-4AE7-AA8A-22715C2EC1B4}.Debug|Any CPU.Build.0 = Debug|Any CPU
		{EA695A6D-3218-4AE7-AA8A-22715C2EC1B4}.Release|Any CPU.ActiveCfg = Release|Any CPU
		{EA695A6D-3218-4AE7-AA8A-22715C2EC1B4}.Release|Any CPU.Build.0 = Release|Any CPU
	EndGlobalSection
	GlobalSection(SolutionProperties) = preSolution
		HideSolutionNode = FALSE
	EndGlobalSection
	GlobalSection(ExtensibilityGlobals) = postSolution
		SolutionGuid = {5654E52A-F6E8-490C-9573-A0FD85F0B73B}
	EndGlobalSection
EndGlobal
